// !$*UTF8*$!
{
	archiveVersion = 1;
	classes = {
	};
	objectVersion = 77;
	objects = {

/* Begin PBXBuildFile section */
		A5EB6C702F5CE3CA004D9A16 /* NavigatorUI in Frameworks */ = {isa = PBXBuildFile; productRef = A5EB6C6F2F5CE3CA004D9A16 /* NavigatorUI */; };
		A5EB6C732F5CE3D5004D9A16 /* Defaults in Frameworks */ = {isa = PBXBuildFile; productRef = A5EB6C722F5CE3D5004D9A16 /* Defaults */; };
		A5EB6C762F5CE3E1004D9A16 /* FactoryKit in Frameworks */ = {isa = PBXBuildFile; productRef = A5EB6C752F5CE3E1004D9A16 /* FactoryKit */; };
		A5EB6C782F5CE3E1004D9A16 /* FactoryTesting in Frameworks */ = {isa = PBXBuildFile; productRef = A5EB6C772F5CE3E1004D9A16 /* FactoryTesting */; };
/* End PBXBuildFile section */

/* Begin PBXContainerItemProxy section */
		A5ECFB622F57872600DA7137 /* PBXContainerItemProxy */ = {
			isa = PBXContainerItemProxy;
			containerPortal = A5ECFB4C2F57872500DA7137 /* Project object */;
			proxyType = 1;
			remoteGlobalIDString = A5ECFB532F57872500DA7137;
			remoteInfo = Vitals;
		};
		A5ECFB6C2F57872600DA7137 /* PBXContainerItemProxy */ = {
			isa = PBXContainerItemProxy;
			containerPortal = A5ECFB4C2F57872500DA7137 /* Project object */;
			proxyType = 1;
			remoteGlobalIDString = A5ECFB532F57872500DA7137;
			remoteInfo = Vitals;
		};
/* End PBXContainerItemProxy section */

/* Begin PBXFileReference section */
		A5ECFB542F57872500DA7137 /* Vitals.app */ = {isa = PBXFileReference; explicitFileType = wrapper.application; includeInIndex = 0; path = Vitals.app; sourceTree = BUILT_PRODUCTS_DIR; };
		A5ECFB612F57872600DA7137 /* VitalsTests.xctest */ = {isa = PBXFileReference; explicitFileType = wrapper.cfbundle; includeInIndex = 0; path = VitalsTests.xctest; sourceTree = BUILT_PRODUCTS_DIR; };
		A5ECFB6B2F57872600DA7137 /* VitalsUITests.xctest */ = {isa = PBXFileReference; explicitFileType = wrapper.cfbundle; includeInIndex = 0; path = VitalsUITests.xctest; sourceTree = BUILT_PRODUCTS_DIR; };
/* End PBXFileReference section */

/* Begin PBXFileSystemSynchronizedBuildFileExceptionSet section */
		A52E806B2F5B4A41007F9DBE /* Exceptions for "Documentation" folder in "Vitals" target */ = {
			isa = PBXFileSystemSynchronizedBuildFileExceptionSet;
			membershipExceptions = (
				Building.md,
				Patterns.md,
				Testing.md,
			);
			target = A5ECFB532F57872500DA7137 /* Vitals */;
		};
		A581EEA72F758E2A00195C6F /* Exceptions for "Configs" folder in "Vitals" target */ = {
			isa = PBXFileSystemSynchronizedBuildFileExceptionSet;
			membershipExceptions = (
				Base.xcconfig,
				Development.xcconfig,
				Production.xcconfig,
				Staging.xcconfig,
			);
			target = A5ECFB532F57872500DA7137 /* Vitals */;
		};
/* End PBXFileSystemSynchronizedBuildFileExceptionSet section */

/* Begin PBXFileSystemSynchronizedRootGroup section */
		A539A52F2F5B47C6002DE204 /* Configs */ = {
			isa = PBXFileSystemSynchronizedRootGroup;
			exceptions = (
				A581EEA72F758E2A00195C6F /* Exceptions for "Configs" folder in "Vitals" target */,
			);
			path = Configs;
			sourceTree = "<group>";
		};
		A539A5302F5B47CB002DE204 /* Documentation */ = {
			isa = PBXFileSystemSynchronizedRootGroup;
			exceptions = (
				A52E806B2F5B4A41007F9DBE /* Exceptions for "Documentation" folder in "Vitals" target */,
			);
			path = Documentation;
			sourceTree = "<group>";
		};
		A539A5312F5B47D8002DE204 /* Packages */ = {
			isa = PBXFileSystemSynchronizedRootGroup;
			path = Packages;
			sourceTree = "<group>";
		};
		A544BE932F61C8EE00DBC663 /* Scripts */ = {
			isa = PBXFileSystemSynchronizedRootGroup;
			path = Scripts;
			sourceTree = "<group>";
		};
		A5ECFB562F57872500DA7137 /* Vitals */ = {
			isa = PBXFileSystemSynchronizedRootGroup;
			path = Vitals;
			sourceTree = "<group>";
		};
		A5ECFB642F57872600DA7137 /* VitalsTests */ = {
			isa = PBXFileSystemSynchronizedRootGroup;
			path = VitalsTests;
			sourceTree = "<group>";
		};
		A5ECFB6E2F57872600DA7137 /* VitalsUITests */ = {
			isa = PBXFileSystemSynchronizedRootGroup;
			path = VitalsUITests;
			sourceTree = "<group>";
		};
/* End PBXFileSystemSynchronizedRootGroup section */

/* Begin PBXFrameworksBuildPhase section */
		A5ECFB512F57872500DA7137 /* Frameworks */ = {
			isa = PBXFrameworksBuildPhase;
			buildActionMask = 2147483647;
			files = (
				A5EB6C762F5CE3E1004D9A16 /* FactoryKit in Frameworks */,
				A5EB6C732F5CE3D5004D9A16 /* Defaults in Frameworks */,
				A5EB6C702F5CE3CA004D9A16 /* NavigatorUI in Frameworks */,
			);
			runOnlyForDeploymentPostprocessing = 0;
		};
		A5ECFB5E2F57872600DA7137 /* Frameworks */ = {
			isa = PBXFrameworksBuildPhase;
			buildActionMask = 2147483647;
			files = (
				A5EB6C782F5CE3E1004D9A16 /* FactoryTesting in Frameworks */,
			);
			runOnlyForDeploymentPostprocessing = 0;
		};
		A5ECFB682F57872600DA7137 /* Frameworks */ = {
			isa = PBXFrameworksBuildPhase;
			buildActionMask = 2147483647;
			files = (
			);
			runOnlyForDeploymentPostprocessing = 0;
		};
/* End PBXFrameworksBuildPhase section */

/* Begin PBXGroup section */
		A5ECFB4B2F57872500DA7137 = {
			isa = PBXGroup;
			children = (
				A539A52F2F5B47C6002DE204 /* Configs */,
				A539A5302F5B47CB002DE204 /* Documentation */,
				A539A5312F5B47D8002DE204 /* Packages */,
				A544BE932F61C8EE00DBC663 /* Scripts */,
				A5ECFB562F57872500DA7137 /* Vitals */,
				A5ECFB642F57872600DA7137 /* VitalsTests */,
				A5ECFB6E2F57872600DA7137 /* VitalsUITests */,
				A5ECFB552F57872500DA7137 /* Products */,
			);
			sourceTree = "<group>";
		};
		A5ECFB552F57872500DA7137 /* Products */ = {
			isa = PBXGroup;
			children = (
				A5ECFB542F57872500DA7137 /* Vitals.app */,
				A5ECFB612F57872600DA7137 /* VitalsTests.xctest */,
				A5ECFB6B2F57872600DA7137 /* VitalsUITests.xctest */,
			);
			name = Products;
			sourceTree = "<group>";
		};
/* End PBXGroup section */

/* Begin PBXNativeTarget section */
		A5ECFB532F57872500DA7137 /* Vitals */ = {
			isa = PBXNativeTarget;
			buildConfigurationList = A5ECFB752F57872600DA7137 /* Build configuration list for PBXNativeTarget "Vitals" */;
			buildPhases = (
				A5ECFB502F57872500DA7137 /* Sources */,
				A5ECFB512F57872500DA7137 /* Frameworks */,
				A5ECFB522F57872500DA7137 /* Resources */,
			);
			buildRules = (
			);
			dependencies = (
			);
			fileSystemSynchronizedGroups = (
				A539A52F2F5B47C6002DE204 /* Configs */,
				A539A5302F5B47CB002DE204 /* Documentation */,
				A539A5312F5B47D8002DE204 /* Packages */,
				A544BE932F61C8EE00DBC663 /* Scripts */,
				A5ECFB562F57872500DA7137 /* Vitals */,
			);
			name = Vitals;
			packageProductDependencies = (
				A5EB6C6F2F5CE3CA004D9A16 /* NavigatorUI */,
				A5EB6C722F5CE3D5004D9A16 /* Defaults */,
				A5EB6C752F5CE3E1004D9A16 /* FactoryKit */,
			);
			productName = Vitals;
			productReference = A5ECFB542F57872500DA7137 /* Vitals.app */;
			productType = "com.apple.product-type.application";
		};
		A5ECFB602F57872600DA7137 /* VitalsTests */ = {
			isa = PBXNativeTarget;
			buildConfigurationList = A5ECFB782F57872600DA7137 /* Build configuration list for PBXNativeTarget "VitalsTests" */;
			buildPhases = (
				A5ECFB5D2F57872600DA7137 /* Sources */,
				A5ECFB5E2F57872600DA7137 /* Frameworks */,
				A5ECFB5F2F57872600DA7137 /* Resources */,
			);
			buildRules = (
			);
			dependencies = (
				A5ECFB632F57872600DA7137 /* PBXTargetDependency */,
			);
			fileSystemSynchronizedGroups = (
				A5ECFB642F57872600DA7137 /* VitalsTests */,
			);
			name = VitalsTests;
			packageProductDependencies = (
				A5EB6C772F5CE3E1004D9A16 /* FactoryTesting */,
			);
			productName = VitalsTests;
			productReference = A5ECFB612F57872600DA7137 /* VitalsTests.xctest */;
			productType = "com.apple.product-type.bundle.unit-test";
		};
		A5ECFB6A2F57872600DA7137 /* VitalsUITests */ = {
			isa = PBXNativeTarget;
			buildConfigurationList = A5ECFB7B2F57872600DA7137 /* Build configuration list for PBXNativeTarget "VitalsUITests" */;
			buildPhases = (
				A5ECFB672F57872600DA7137 /* Sources */,
				A5ECFB682F57872600DA7137 /* Frameworks */,
				A5ECFB692F57872600DA7137 /* Resources */,
			);
			buildRules = (
			);
			dependencies = (
				A5ECFB6D2F57872600DA7137 /* PBXTargetDependency */,
			);
			fileSystemSynchronizedGroups = (
				A5ECFB6E2F57872600DA7137 /* VitalsUITests */,
			);
			name = VitalsUITests;
			packageProductDependencies = (
			);
			productName = VitalsUITests;
			productReference = A5ECFB6B2F57872600DA7137 /* VitalsUITests.xctest */;
			productType = "com.apple.product-type.bundle.ui-testing";
		};
/* End PBXNativeTarget section */

/* Begin PBXProject section */
		A5ECFB4C2F57872500DA7137 /* Project object */ = {
			isa = PBXProject;
			attributes = {
				BuildIndependentTargetsInParallel = 1;
				LastSwiftUpdateCheck = 2630;
				LastUpgradeCheck = 2640;
				TargetAttributes = {
					A5ECFB532F57872500DA7137 = {
						CreatedOnToolsVersion = 26.3;
					};
					A5ECFB602F57872600DA7137 = {
						CreatedOnToolsVersion = 26.3;
						TestTargetID = A5ECFB532F57872500DA7137;
					};
					A5ECFB6A2F57872600DA7137 = {
						CreatedOnToolsVersion = 26.3;
						TestTargetID = A5ECFB532F57872500DA7137;
					};
				};
			};
			buildConfigurationList = A5ECFB4F2F57872500DA7137 /* Build configuration list for PBXProject "Vitals" */;
			developmentRegion = en;
			hasScannedForEncodings = 0;
			knownRegions = (
				en,
				Base,
			);
			mainGroup = A5ECFB4B2F57872500DA7137;
			minimizedProjectReferenceProxies = 1;
			packageReferences = (
				A5EB6C6E2F5CE3CA004D9A16 /* XCRemoteSwiftPackageReference "Navigator" */,
				A5EB6C712F5CE3D5004D9A16 /* XCRemoteSwiftPackageReference "Defaults" */,
				A5EB6C742F5CE3E1004D9A16 /* XCRemoteSwiftPackageReference "Factory" */,
			);
			preferredProjectObjectVersion = 77;
			productRefGroup = A5ECFB552F57872500DA7137 /* Products */;
			projectDirPath = "";
			projectRoot = "";
			targets = (
				A5ECFB532F57872500DA7137 /* Vitals */,
				A5ECFB602F57872600DA7137 /* VitalsTests */,
				A5ECFB6A2F57872600DA7137 /* VitalsUITests */,
			);
		};
/* End PBXProject section */

/* Begin PBXResourcesBuildPhase section */
		A5ECFB522F57872500DA7137 /* Resources */ = {
			isa = PBXResourcesBuildPhase;
			buildActionMask = 2147483647;
			files = (
			);
			runOnlyForDeploymentPostprocessing = 0;
		};
		A5ECFB5F2F57872600DA7137 /* Resources */ = {
			isa = PBXResourcesBuildPhase;
			buildActionMask = 2147483647;
			files = (
			);
			runOnlyForDeploymentPostprocessing = 0;
		};
		A5ECFB692F57872600DA7137 /* Resources */ = {
			isa = PBXResourcesBuildPhase;
			buildActionMask = 2147483647;
			files = (
			);
			runOnlyForDeploymentPostprocessing = 0;
		};
/* End PBXResourcesBuildPhase section */

/* Begin PBXSourcesBuildPhase section */
		A5ECFB502F57872500DA7137 /* Sources */ = {
			isa = PBXSourcesBuildPhase;
			buildActionMask = 2147483647;
			files = (
			);
			runOnlyForDeploymentPostprocessing = 0;
		};
		A5ECFB5D2F57872600DA7137 /* Sources */ = {
			isa = PBXSourcesBuildPhase;
			buildActionMask = 2147483647;
			files = (
			);
			runOnlyForDeploymentPostprocessing = 0;
		};
		A5ECFB672F57872600DA7137 /* Sources */ = {
			isa = PBXSourcesBuildPhase;
			buildActionMask = 2147483647;
			files = (
			);
			runOnlyForDeploymentPostprocessing = 0;
		};
/* End PBXSourcesBuildPhase section */

/* Begin PBXTargetDependency section */
		A5ECFB632F57872600DA7137 /* PBXTargetDependency */ = {
			isa = PBXTargetDependency;
			target = A5ECFB532F57872500DA7137 /* Vitals */;
			targetProxy = A5ECFB622F57872600DA7137 /* PBXContainerItemProxy */;
		};
		A5ECFB6D2F57872600DA7137 /* PBXTargetDependency */ = {
			isa = PBXTargetDependency;
			target = A5ECFB532F57872500DA7137 /* Vitals */;
			targetProxy = A5ECFB6C2F57872600DA7137 /* PBXContainerItemProxy */;
		};
/* End PBXTargetDependency section */

/* Begin XCBuildConfiguration section */
		A5E538FB2F5CE2430001E8CC /* Release */ = {
			isa = XCBuildConfiguration;
			buildSettings = {
				ALWAYS_SEARCH_USER_PATHS = NO;
				ASSETCATALOG_COMPILER_GENERATE_SWIFT_ASSET_SYMBOL_EXTENSIONS = YES;
				CLANG_ANALYZER_NONNULL = YES;
				CLANG_ANALYZER_NUMBER_OBJECT_CONVERSION = YES_AGGRESSIVE;
				CLANG_CXX_LANGUAGE_STANDARD = "gnu++20";
				CLANG_ENABLE_MODULES = YES;
				CLANG_ENABLE_OBJC_ARC = YES;
				CLANG_ENABLE_OBJC_WEAK = YES;
				CLANG_WARN_BLOCK_CAPTURE_AUTORELEASING = YES;
				CLANG_WARN_BOOL_CONVERSION = YES;
				CLANG_WARN_COMMA = YES;
				CLANG_WARN_CONSTANT_CONVERSION = YES;
				CLANG_WARN_DEPRECATED_OBJC_IMPLEMENTATIONS = YES;
				CLANG_WARN_DIRECT_OBJC_ISA_USAGE = YES_ERROR;
				CLANG_WARN_DOCUMENTATION_COMMENTS = YES;
				CLANG_WARN_EMPTY_BODY = YES;
				CLANG_WARN_ENUM_CONVERSION = YES;
				CLANG_WARN_INFINITE_RECURSION = YES;
				CLANG_WARN_INT_CONVERSION = YES;
				CLANG_WARN_NON_LITERAL_NULL_CONVERSION = YES;
				CLANG_WARN_OBJC_IMPLICIT_RETAIN_SELF = YES;
				CLANG_WARN_OBJC_LITERAL_CONVERSION = YES;
				CLANG_WARN_OBJC_ROOT_CLASS = YES_ERROR;
				CLANG_WARN_QUOTED_INCLUDE_IN_FRAMEWORK_HEADER = YES;
				CLANG_WARN_RANGE_LOOP_ANALYSIS = YES;
				CLANG_WARN_STRICT_PROTOTYPES = YES;
				CLANG_WARN_SUSPICIOUS_MOVE = YES;
				CLANG_WARN_UNGUARDED_AVAILABILITY = YES_AGGRESSIVE;
				CLANG_WARN_UNREACHABLE_CODE = YES;
				CLANG_WARN__DUPLICATE_METHOD_MATCH = YES;
				COPY_PHASE_STRIP = NO;
				DEBUG_INFORMATION_FORMAT = "dwarf-with-dsym";
				DEVELOPMENT_TEAM = 8KAND67JY6;
				ENABLE_NS_ASSERTIONS = NO;
				ENABLE_STRICT_OBJC_MSGSEND = YES;
				ENABLE_USER_SCRIPT_SANDBOXING = YES;
				GCC_C_LANGUAGE_STANDARD = gnu17;
				GCC_NO_COMMON_BLOCKS = YES;
				GCC_WARN_64_TO_32_BIT_CONVERSION = YES;
				GCC_WARN_ABOUT_RETURN_TYPE = YES_ERROR;
				GCC_WARN_UNDECLARED_SELECTOR = YES;
				GCC_WARN_UNINITIALIZED_AUTOS = YES_AGGRESSIVE;
				GCC_WARN_UNUSED_FUNCTION = YES;
				GCC_WARN_UNUSED_VARIABLE = YES;
				IPHONEOS_DEPLOYMENT_TARGET = 26.2;
				LOCALIZATION_PREFERS_STRING_CATALOGS = YES;
				MTL_ENABLE_DEBUG_INFO = NO;
				MTL_FAST_MATH = YES;
				SDKROOT = iphoneos;
				STRING_CATALOG_GENERATE_SYMBOLS = YES;
				SWIFT_COMPILATION_MODE = wholemodule;
				SWIFT_EMIT_LOC_STRINGS = YES;
				VALIDATE_PRODUCT = YES;
			};
			name = Release;
		};
		A5E538FC2F5CE2430001E8CC /* Release */ = {
			isa = XCBuildConfiguration;
			buildSettings = {
				ASSETCATALOG_COMPILER_APPICON_NAME = AppIcon;
				ASSETCATALOG_COMPILER_GLOBAL_ACCENT_COLOR_NAME = AccentColor;
				CODE_SIGN_ENTITLEMENTS = Vitals/Resources/Vitals.entitlements;
				CODE_SIGN_STYLE = Automatic;
				CURRENT_PROJECT_VERSION = 1;
				DEVELOPMENT_TEAM = 8KAND67JY6;
				ENABLE_PREVIEWS = YES;
				GENERATE_INFOPLIST_FILE = YES;
				INFOPLIST_KEY_CFBundleDisplayName = Vitals;
				INFOPLIST_KEY_LSApplicationCategoryType = "public.app-category.healthcare-fitness";
				INFOPLIST_KEY_NSHealthShareUsageDescription = "We need your data in order to visualize trends and make insights from your health.";
				INFOPLIST_KEY_UIApplicationSceneManifest_Generation = YES;
				INFOPLIST_KEY_UIApplicationSupportsIndirectInputEvents = YES;
				INFOPLIST_KEY_UILaunchScreen_Generation = YES;
				INFOPLIST_KEY_UISupportedInterfaceOrientations_iPad = "UIInterfaceOrientationPortrait UIInterfaceOrientationPortraitUpsideDown UIInterfaceOrientationLandscapeLeft UIInterfaceOrientationLandscapeRight";
				INFOPLIST_KEY_UISupportedInterfaceOrientations_iPhone = "UIInterfaceOrientationPortrait UIInterfaceOrientationLandscapeLeft UIInterfaceOrientationLandscapeRight";
				IPHONEOS_DEPLOYMENT_TARGET = 26.2;
				LD_RUNPATH_SEARCH_PATHS = (
					"$(inherited)",
					"@executable_path/Frameworks",
				);
				MARKETING_VERSION = 1.0;
				PRODUCT_BUNDLE_IDENTIFIER = com.majtan.Vitals;
				PRODUCT_NAME = "$(TARGET_NAME)";
				STRING_CATALOG_GENERATE_SYMBOLS = YES;
				SUPPORTED_PLATFORMS = "iphoneos iphonesimulator";
				SUPPORTS_MACCATALYST = NO;
				SUPPORTS_MAC_DESIGNED_FOR_IPHONE_IPAD = NO;
				SUPPORTS_XR_DESIGNED_FOR_IPHONE_IPAD = NO;
				SWIFT_APPROACHABLE_CONCURRENCY = YES;
				SWIFT_DEFAULT_ACTOR_ISOLATION = MainActor;
				SWIFT_EMIT_LOC_STRINGS = YES;
				SWIFT_UPCOMING_FEATURE_MEMBER_IMPORT_VISIBILITY = YES;
				SWIFT_VERSION = 5.0;
				TARGETED_DEVICE_FAMILY = 1;
			};
			name = Release;
		};
		A5E538FD2F5CE2430001E8CC /* Release */ = {
			isa = XCBuildConfiguration;
			buildSettings = {
				BUNDLE_LOADER = "$(TEST_HOST)";
				CODE_SIGN_STYLE = Automatic;
				CURRENT_PROJECT_VERSION = 1;
				DEVELOPMENT_TEAM = 8KAND67JY6;
				GENERATE_INFOPLIST_FILE = YES;
				IPHONEOS_DEPLOYMENT_TARGET = 26.2;
				MARKETING_VERSION = 1.0;
				PRODUCT_BUNDLE_IDENTIFIER = com.majtan.VitalsTests;
				PRODUCT_NAME = "$(TARGET_NAME)";
				STRING_CATALOG_GENERATE_SYMBOLS = NO;
				SWIFT_APPROACHABLE_CONCURRENCY = YES;
				SWIFT_EMIT_LOC_STRINGS = NO;
				SWIFT_UPCOMING_FEATURE_MEMBER_IMPORT_VISIBILITY = YES;
				SWIFT_VERSION = 5.0;
				TARGETED_DEVICE_FAMILY = "1,2";
				TEST_HOST = "$(BUILT_PRODUCTS_DIR)/Vitals.app/$(BUNDLE_EXECUTABLE_FOLDER_PATH)/Vitals";
			};
			name = Release;
		};
		A5E538FE2F5CE2430001E8CC /* Release */ = {
			isa = XCBuildConfiguration;
			buildSettings = {
				CODE_SIGN_STYLE = Automatic;
				CURRENT_PROJECT_VERSION = 1;
				DEVELOPMENT_TEAM = 8KAND67JY6;
				GENERATE_INFOPLIST_FILE = YES;
				MARKETING_VERSION = 1.0;
				PRODUCT_BUNDLE_IDENTIFIER = com.majtan.VitalsUITests;
				PRODUCT_NAME = "$(TARGET_NAME)";
				STRING_CATALOG_GENERATE_SYMBOLS = NO;
				SWIFT_APPROACHABLE_CONCURRENCY = YES;
				SWIFT_EMIT_LOC_STRINGS = NO;
				SWIFT_UPCOMING_FEATURE_MEMBER_IMPORT_VISIBILITY = YES;
				SWIFT_VERSION = 5.0;
				TARGETED_DEVICE_FAMILY = "1,2";
				TEST_TARGET_NAME = Vitals;
			};
			name = Release;
		};
		A5ECFB732F57872600DA7137 /* Debug */ = {
			isa = XCBuildConfiguration;
			buildSettings = {
				ALWAYS_SEARCH_USER_PATHS = NO;
				ASSETCATALOG_COMPILER_GENERATE_SWIFT_ASSET_SYMBOL_EXTENSIONS = YES;
				CLANG_ANALYZER_NONNULL = YES;
				CLANG_ANALYZER_NUMBER_OBJECT_CONVERSION = YES_AGGRESSIVE;
				CLANG_CXX_LANGUAGE_STANDARD = "gnu++20";
				CLANG_ENABLE_MODULES = YES;
				CLANG_ENABLE_OBJC_ARC = YES;
				CLANG_ENABLE_OBJC_WEAK = YES;
				CLANG_WARN_BLOCK_CAPTURE_AUTORELEASING = YES;
				CLANG_WARN_BOOL_CONVERSION = YES;
				CLANG_WARN_COMMA = YES;
				CLANG_WARN_CONSTANT_CONVERSION = YES;
				CLANG_WARN_DEPRECATED_OBJC_IMPLEMENTATIONS = YES;
				CLANG_WARN_DIRECT_OBJC_ISA_USAGE = YES_ERROR;
				CLANG_WARN_DOCUMENTATION_COMMENTS = YES;
				CLANG_WARN_EMPTY_BODY = YES;
				CLANG_WARN_ENUM_CONVERSION = YES;
				CLANG_WARN_INFINITE_RECURSION = YES;
				CLANG_WARN_INT_CONVERSION = YES;
				CLANG_WARN_NON_LITERAL_NULL_CONVERSION = YES;
				CLANG_WARN_OBJC_IMPLICIT_RETAIN_SELF = YES;
				CLANG_WARN_OBJC_LITERAL_CONVERSION = YES;
				CLANG_WARN_OBJC_ROOT_CLASS = YES_ERROR;
				CLANG_WARN_QUOTED_INCLUDE_IN_FRAMEWORK_HEADER = YES;
				CLANG_WARN_RANGE_LOOP_ANALYSIS = YES;
				CLANG_WARN_STRICT_PROTOTYPES = YES;
				CLANG_WARN_SUSPICIOUS_MOVE = YES;
				CLANG_WARN_UNGUARDED_AVAILABILITY = YES_AGGRESSIVE;
				CLANG_WARN_UNREACHABLE_CODE = YES;
				CLANG_WARN__DUPLICATE_METHOD_MATCH = YES;
				COPY_PHASE_STRIP = NO;
				DEBUG_INFORMATION_FORMAT = dwarf;
				DEVELOPMENT_TEAM = 8KAND67JY6;
				ENABLE_STRICT_OBJC_MSGSEND = YES;
				ENABLE_TESTABILITY = YES;
				ENABLE_USER_SCRIPT_SANDBOXING = YES;
				GCC_C_LANGUAGE_STANDARD = gnu17;
				GCC_DYNAMIC_NO_PIC = NO;
				GCC_NO_COMMON_BLOCKS = YES;
				GCC_OPTIMIZATION_LEVEL = 0;
				GCC_PREPROCESSOR_DEFINITIONS = (
					"DEBUG=1",
					"$(inherited)",
				);
				GCC_WARN_64_TO_32_BIT_CONVERSION = YES;
				GCC_WARN_ABOUT_RETURN_TYPE = YES_ERROR;
				GCC_WARN_UNDECLARED_SELECTOR = YES;
				GCC_WARN_UNINITIALIZED_AUTOS = YES_AGGRESSIVE;
				GCC_WARN_UNUSED_FUNCTION = YES;
				GCC_WARN_UNUSED_VARIABLE = YES;
				IPHONEOS_DEPLOYMENT_TARGET = 26.2;
				LOCALIZATION_PREFERS_STRING_CATALOGS = YES;
				MTL_ENABLE_DEBUG_INFO = INCLUDE_SOURCE;
				MTL_FAST_MATH = YES;
				ONLY_ACTIVE_ARCH = YES;
				SDKROOT = iphoneos;
				STRING_CATALOG_GENERATE_SYMBOLS = YES;
				SWIFT_ACTIVE_COMPILATION_CONDITIONS = "DEBUG $(inherited)";
				SWIFT_EMIT_LOC_STRINGS = YES;
				SWIFT_OPTIMIZATION_LEVEL = "-Onone";
			};
			name = Debug;
		};
		A5ECFB762F57872600DA7137 /* Debug */ = {
			isa = XCBuildConfiguration;
			buildSettings = {
				ASSETCATALOG_COMPILER_APPICON_NAME = AppIcon;
				ASSETCATALOG_COMPILER_GLOBAL_ACCENT_COLOR_NAME = AccentColor;
				CODE_SIGN_ENTITLEMENTS = Vitals/Resources/Vitals.entitlements;
				CODE_SIGN_STYLE = Automatic;
				CURRENT_PROJECT_VERSION = 1;
				DEVELOPMENT_TEAM = 8KAND67JY6;
				ENABLE_PREVIEWS = YES;
				GENERATE_INFOPLIST_FILE = YES;
				INFOPLIST_KEY_CFBundleDisplayName = Vitals;
				INFOPLIST_KEY_LSApplicationCategoryType = "public.app-category.healthcare-fitness";
				INFOPLIST_KEY_NSHealthShareUsageDescription = "We need your data in order to visualize trends and make insights from your health.";
				INFOPLIST_KEY_UIApplicationSceneManifest_Generation = YES;
				INFOPLIST_KEY_UIApplicationSupportsIndirectInputEvents = YES;
				INFOPLIST_KEY_UILaunchScreen_Generation = YES;
				INFOPLIST_KEY_UISupportedInterfaceOrientations_iPad = "UIInterfaceOrientationPortrait UIInterfaceOrientationPortraitUpsideDown UIInterfaceOrientationLandscapeLeft UIInterfaceOrientationLandscapeRight";
				INFOPLIST_KEY_UISupportedInterfaceOrientations_iPhone = "UIInterfaceOrientationPortrait UIInterfaceOrientationLandscapeLeft UIInterfaceOrientationLandscapeRight";
				IPHONEOS_DEPLOYMENT_TARGET = 26.2;
				LD_RUNPATH_SEARCH_PATHS = (
					"$(inherited)",
					"@executable_path/Frameworks",
				);
				MARKETING_VERSION = 1.0;
				PRODUCT_BUNDLE_IDENTIFIER = com.majtan.Vitals;
				PRODUCT_NAME = "$(TARGET_NAME)";
				STRING_CATALOG_GENERATE_SYMBOLS = YES;
				SUPPORTED_PLATFORMS = "iphoneos iphonesimulator";
				SUPPORTS_MACCATALYST = NO;
				SUPPORTS_MAC_DESIGNED_FOR_IPHONE_IPAD = NO;
				SUPPORTS_XR_DESIGNED_FOR_IPHONE_IPAD = NO;
				SWIFT_APPROACHABLE_CONCURRENCY = YES;
				SWIFT_DEFAULT_ACTOR_ISOLATION = MainActor;
				SWIFT_EMIT_LOC_STRINGS = YES;
				SWIFT_UPCOMING_FEATURE_MEMBER_IMPORT_VISIBILITY = YES;
				SWIFT_VERSION = 5.0;
				TARGETED_DEVICE_FAMILY = 1;
			};
			name = Debug;
		};
		A5ECFB792F57872600DA7137 /* Debug */ = {
			isa = XCBuildConfiguration;
			buildSettings = {
				BUNDLE_LOADER = "$(TEST_HOST)";
				CODE_SIGN_STYLE = Automatic;
				CURRENT_PROJECT_VERSION = 1;
				DEVELOPMENT_TEAM = 8KAND67JY6;
				GENERATE_INFOPLIST_FILE = YES;
				IPHONEOS_DEPLOYMENT_TARGET = 26.2;
				MARKETING_VERSION = 1.0;
				PRODUCT_BUNDLE_IDENTIFIER = com.majtan.VitalsTests;
				PRODUCT_NAME = "$(TARGET_NAME)";
				STRING_CATALOG_GENERATE_SYMBOLS = NO;
				SWIFT_APPROACHABLE_CONCURRENCY = YES;
				SWIFT_EMIT_LOC_STRINGS = NO;
				SWIFT_UPCOMING_FEATURE_MEMBER_IMPORT_VISIBILITY = YES;
				SWIFT_VERSION = 5.0;
				TARGETED_DEVICE_FAMILY = "1,2";
				TEST_HOST = "$(BUILT_PRODUCTS_DIR)/Vitals.app/$(BUNDLE_EXECUTABLE_FOLDER_PATH)/Vitals";
			};
			name = Debug;
		};
		A5ECFB7C2F57872600DA7137 /* Debug */ = {
			isa = XCBuildConfiguration;
			buildSettings = {
				CODE_SIGN_STYLE = Automatic;
				CURRENT_PROJECT_VERSION = 1;
				DEVELOPMENT_TEAM = 8KAND67JY6;
				GENERATE_INFOPLIST_FILE = YES;
				MARKETING_VERSION = 1.0;
				PRODUCT_BUNDLE_IDENTIFIER = com.majtan.VitalsUITests;
				PRODUCT_NAME = "$(TARGET_NAME)";
				STRING_CATALOG_GENERATE_SYMBOLS = NO;
				SWIFT_APPROACHABLE_CONCURRENCY = YES;
				SWIFT_EMIT_LOC_STRINGS = NO;
				SWIFT_UPCOMING_FEATURE_MEMBER_IMPORT_VISIBILITY = YES;
				SWIFT_VERSION = 5.0;
				TARGETED_DEVICE_FAMILY = "1,2";
				TEST_TARGET_NAME = Vitals;
			};
			name = Debug;
		};
/* End XCBuildConfiguration section */

/* Begin XCConfigurationList section */
		A5ECFB4F2F57872500DA7137 /* Build configuration list for PBXProject "Vitals" */ = {
			isa = XCConfigurationList;
			buildConfigurations = (
				A5ECFB732F57872600DA7137 /* Debug */,
				A5E538FB2F5CE2430001E8CC /* Release */,
			);
			defaultConfigurationIsVisible = 0;
			defaultConfigurationName = Debug;
		};
		A5ECFB752F57872600DA7137 /* Build configuration list for PBXNativeTarget "Vitals" */ = {
			isa = XCConfigurationList;
			buildConfigurations = (
				A5ECFB762F57872600DA7137 /* Debug */,
				A5E538FC2F5CE2430001E8CC /* Release */,
			);
			defaultConfigurationIsVisible = 0;
			defaultConfigurationName = Debug;
		};
		A5ECFB782F57872600DA7137 /* Build configuration list for PBXNativeTarget "VitalsTests" */ = {
			isa = XCConfigurationList;
			buildConfigurations = (
				A5ECFB792F57872600DA7137 /* Debug */,
				A5E538FD2F5CE2430001E8CC /* Release */,
			);
			defaultConfigurationIsVisible = 0;
			defaultConfigurationName = Debug;
		};
		A5ECFB7B2F57872600DA7137 /* Build configuration list for PBXNativeTarget "VitalsUITests" */ = {
			isa = XCConfigurationList;
			buildConfigurations = (
				A5ECFB7C2F57872600DA7137 /* Debug */,
				A5E538FE2F5CE2430001E8CC /* Release */,
			);
			defaultConfigurationIsVisible = 0;
			defaultConfigurationName = Debug;
		};
/* End XCConfigurationList section */

/* Begin XCRemoteSwiftPackageReference section */
		A5EB6C6E2F5CE3CA004D9A16 /* XCRemoteSwiftPackageReference "Navigator" */ = {
			isa = XCRemoteSwiftPackageReference;
			repositoryURL = "https://github.com/hmlongco/Navigator.git";
			requirement = {
				kind = upToNextMajorVersion;
				minimumVersion = 2.0.0;
			};
		};
		A5EB6C712F5CE3D5004D9A16 /* XCRemoteSwiftPackageReference "Defaults" */ = {
			isa = XCRemoteSwiftPackageReference;
			repositoryURL = "https://github.com/sindresorhus/Defaults.git";
			requirement = {
				kind = upToNextMajorVersion;
				minimumVersion = 9.0.6;
			};
		};
		A5EB6C742F5CE3E1004D9A16 /* XCRemoteSwiftPackageReference "Factory" */ = {
			isa = XCRemoteSwiftPackageReference;
			repositoryURL = "https://github.com/hmlongco/Factory.git";
			requirement = {
				kind = upToNextMajorVersion;
				minimumVersion = 2.5.3;
			};
		};
/* End XCRemoteSwiftPackageReference section */

/* Begin XCSwiftPackageProductDependency section */
		A5EB6C6F2F5CE3CA004D9A16 /* NavigatorUI */ = {
			isa = XCSwiftPackageProductDependency;
			package = A5EB6C6E2F5CE3CA004D9A16 /* XCRemoteSwiftPackageReference "Navigator" */;
			productName = NavigatorUI;
		};
		A5EB6C722F5CE3D5004D9A16 /* Defaults */ = {
			isa = XCSwiftPackageProductDependency;
			package = A5EB6C712F5CE3D5004D9A16 /* XCRemoteSwiftPackageReference "Defaults" */;
			productName = Defaults;
		};
		A5EB6C752F5CE3E1004D9A16 /* FactoryKit */ = {
			isa = XCSwiftPackageProductDependency;
			package = A5EB6C742F5CE3E1004D9A16 /* XCRemoteSwiftPackageReference "Factory" */;
			productName = FactoryKit;
		};
		A5EB6C772F5CE3E1004D9A16 /* FactoryTesting */ = {
			isa = XCSwiftPackageProductDependency;
			package = A5EB6C742F5CE3E1004D9A16 /* XCRemoteSwiftPackageReference "Factory" */;
			productName = FactoryTesting;
		};
/* End XCSwiftPackageProductDependency section */
	};
	rootObject = A5ECFB4C2F57872500DA7137 /* Project object */;
}
